
Microsoft Visual Studio Solution File, Format Version 12.00
# Visual Studio Version 17
VisualStudioVersion = 17.0.31903.59
MinimumVisualStudioVersion = 10.0.40219.1
Project("{FAE04EC0-301F-11D3-BF4B-00C04F79EFBC}") = "LifePointCalculatorWPF", "LifePointCalculatorWPF\LifePointCalculatorWPF.csproj", "{23269A1D-142F-4081-AD72-725C2977AC23}"
EndProject
Global
	GlobalSection(SolutionConfigurationPlatforms) = preSolution
		Debug|Any CPU = Debug|Any CPU
		Release|Any CPU = Release|Any CPU
	EndGlobalSection
	GlobalSection(ProjectConfigurationPlatforms) = postSolution
		{23269A1D-142F-4081-AD72-725C2977AC23}.Debug|Any CPU.ActiveCfg = Debug|Any CPU
		{23269A1D-142F-4081-AD72-725C2977AC23}.Debug|Any CPU.Build.0 = Debug|Any CPU
		{23269A1D-142F-4081-AD72-725C2977AC23}.Release|Any CPU.ActiveCfg = Release|Any CPU
		{23269A1D-142F-4081-AD72-725C2977AC23}.Release|Any CPU.Build.0 = Release|Any CPU
	EndGlobalSection
	GlobalSection(SolutionProperties) = preSolution
		HideSolutionNode = FALSE
	EndGlobalSection
	GlobalSection(ExtensibilityGlobals) = postSolution
		SolutionGuid = {1B2854CE-BE56-4878-AD33-CC9F037D3FA7}
	EndGlobalSection
EndGlobal
